
Microsoft Visual Studio Solution File, Format Version 12.00
# Visual Studio Version 16
VisualStudioVersion = 16.0.31005.135
MinimumVisualStudioVersion = 10.0.40219.1
Project("{FAE04EC0-301F-11D3-BF4B-00C04F79EFBC}") = "BonusOppgaver - Dele opp koden i klasser og plassere metoder riktig sted", "BonusOppgaver - Dele opp koden i klasser og plassere metoder riktig sted\BonusOppgaver - Dele opp koden i klasser og plassere metoder riktig sted.csproj", "{2533F077-814F-46AD-8B2C-136C931F472E}"
EndProject
Global
	GlobalSection(SolutionConfigurationPlatforms) = preSolution
		Debug|Any CPU = Debug|Any CPU
		Release|Any CPU = Release|Any CPU
	EndGlobalSection
	GlobalSection(ProjectConfigurationPlatforms) = postSolution
		{2533F077-814F-46AD-8B2C-136C931F472E}.Debug|Any CPU.ActiveCfg = Debug|Any CPU
		{2533F077-814F-46AD-8B2C-136C931F472E}.Debug|Any CPU.Build.0 = Debug|Any CPU
		{2533F077-814F-46AD-8B2C-136C931F472E}.Release|Any CPU.ActiveCfg = Release|Any CPU
		{2533F077-814F-46AD-8B2C-136C931F472E}.Release|Any CPU.Build.0 = Release|Any CPU
	EndGlobalSection
	GlobalSection(SolutionProperties) = preSolution
		HideSolutionNode = FALSE
	EndGlobalSection
	GlobalSection(ExtensibilityGlobals) = postSolution
		SolutionGuid = {9F96FE35-2F43-4732-8D38-CB615F6AB0B3}
	EndGlobalSection
EndGlobal
